
Microsoft Visual Studio Solution File, Format Version 12.00
# Visual Studio Version 17
VisualStudioVersion = 17.7.34024.191
MinimumVisualStudioVersion = 10.0.40219.1
Project("{FAE04EC0-301F-11D3-BF4B-00C04F79EFBC}") = "NameGenerator", "NameGenerator.csproj", "{70CDA5BE-3298-4B91-93FE-3EB110EE6CB4}"
EndProject
Global
	GlobalSection(SolutionConfigurationPlatforms) = preSolution
		Debug|Any CPU = Debug|Any CPU
		Release|Any CPU = Release|Any CPU
	EndGlobalSection
	GlobalSection(ProjectConfigurationPlatforms) = postSolution
		{70CDA5BE-3298-4B91-93FE-3EB110EE6CB4}.Debug|Any CPU.ActiveCfg = Debug|Any CPU
		{70CDA5BE-3298-4B91-93FE-3EB110EE6CB4}.Debug|Any CPU.Build.0 = Debug|Any CPU
		{70CDA5BE-3298-4B91-93FE-3EB110EE6CB4}.Release|Any CPU.ActiveCfg = Release|Any CPU
		{70CDA5BE-3298-4B91-93FE-3EB110EE6CB4}.Release|Any CPU.Build.0 = Release|Any CPU
	EndGlobalSection
	GlobalSection(SolutionProperties) = preSolution
		HideSolutionNode = FALSE
	EndGlobalSection
	GlobalSection(ExtensibilityGlobals) = postSolution
		SolutionGuid = {F51F6127-460C-4F16-81C0-16690873A761}
	EndGlobalSection
EndGlobal
